
Microsoft Visual Studio Solution File, Format Version 12.00
# Visual Studio 15
VisualStudioVersion = 15.0.28307.136
MinimumVisualStudioVersion = 10.0.40219.1
Project("{FAE04EC0-301F-11D3-BF4B-00C04F79EFBC}") = "PipeClient", "PipeClient\PipeClient.csproj", "{A0A4EE04-7F52-451A-B53F-2EA087817CC0}"
EndProject
Project("{FAE04EC0-301F-11D3-BF4B-00C04F79EFBC}") = "PipeServer", "PipeServer\PipeServer.csproj", "{A1067030-3974-4FCF-96E3-C605BF8A37FC}"
EndProject
Global
	GlobalSection(SolutionConfigurationPlatforms) = preSolution
		Debug|Any CPU = Debug|Any CPU
		Release|Any CPU = Release|Any CPU
	EndGlobalSection
	GlobalSection(ProjectConfigurationPlatforms) = postSolution
		{A0A4EE04-7F52-451A-B53F-2EA087817CC0}.Debug|Any CPU.ActiveCfg = Debug|Any CPU
		{A0A4EE04-7F52-451A-B53F-2EA087817CC0}.Debug|Any CPU.Build.0 = Debug|Any CPU
		{A0A4EE04-7F52-451A-B53F-2EA087817CC0}.Release|Any CPU.ActiveCfg = Release|Any CPU
		{A0A4EE04-7F52-451A-B53F-2EA087817CC0}.Release|Any CPU.Build.0 = Release|Any CPU
		{A1067030-3974-4FCF-96E3-C605BF8A37FC}.Debug|Any CPU.ActiveCfg = Debug|Any CPU
		{A1067030-3974-4FCF-96E3-C605BF8A37FC}.Debug|Any CPU.Build.0 = Debug|Any CPU
		{A1067030-3974-4FCF-96E3-C605BF8A37FC}.Release|Any CPU.ActiveCfg = Release|Any CPU
		{A1067030-3974-4FCF-96E3-C605BF8A37FC}.Release|Any CPU.Build.0 = Release|Any CPU
	EndGlobalSection
	GlobalSection(SolutionProperties) = preSolution
		HideSolutionNode = FALSE
	EndGlobalSection
	GlobalSection(ExtensibilityGlobals) = postSolution
		SolutionGuid = {A6A88192-BFDD-461D-8DE8-4CC13D4276B2}
	EndGlobalSection
EndGlobal
