
Microsoft Visual Studio Solution File, Format Version 12.00
# Visual Studio 15
VisualStudioVersion = 15.0.28307.136
MinimumVisualStudioVersion = 10.0.40219.1
Project("{FAE04EC0-301F-11D3-BF4B-00C04F79EFBC}") = "Ex55", "Ex55\Ex55.csproj", "{00116322-FFC5-473E-A17E-0D547557A75E}"
EndProject
Global
	GlobalSection(SolutionConfigurationPlatforms) = preSolution
		Debug|Any CPU = Debug|Any CPU
		Release|Any CPU = Release|Any CPU
	EndGlobalSection
	GlobalSection(ProjectConfigurationPlatforms) = postSolution
		{00116322-FFC5-473E-A17E-0D547557A75E}.Debug|Any CPU.ActiveCfg = Debug|Any CPU
		{00116322-FFC5-473E-A17E-0D547557A75E}.Debug|Any CPU.Build.0 = Debug|Any CPU
		{00116322-FFC5-473E-A17E-0D547557A75E}.Release|Any CPU.ActiveCfg = Release|Any CPU
		{00116322-FFC5-473E-A17E-0D547557A75E}.Release|Any CPU.Build.0 = Release|Any CPU
	EndGlobalSection
	GlobalSection(SolutionProperties) = preSolution
		HideSolutionNode = FALSE
	EndGlobalSection
	GlobalSection(ExtensibilityGlobals) = postSolution
		SolutionGuid = {75122D41-50A6-4BF8-976B-E7221C551AFE}
	EndGlobalSection
EndGlobal
