
Microsoft Visual Studio Solution File, Format Version 12.00
# Visual Studio 15
VisualStudioVersion = 15.0.28307.136
MinimumVisualStudioVersion = 10.0.40219.1
Project("{FAE04EC0-301F-11D3-BF4B-00C04F79EFBC}") = "Ex53", "Ex53\Ex53.csproj", "{4C79E33E-3169-4383-A32D-29AED4E6A278}"
EndProject
Project("{FAE04EC0-301F-11D3-BF4B-00C04F79EFBC}") = "UnitTestProject1", "UnitTestProject1\UnitTestProject1.csproj", "{91617235-2431-4300-8869-FD095450DB8B}"
EndProject
Global
	GlobalSection(SolutionConfigurationPlatforms) = preSolution
		Debug|Any CPU = Debug|Any CPU
		Release|Any CPU = Release|Any CPU
	EndGlobalSection
	GlobalSection(ProjectConfigurationPlatforms) = postSolution
		{4C79E33E-3169-4383-A32D-29AED4E6A278}.Debug|Any CPU.ActiveCfg = Debug|Any CPU
		{4C79E33E-3169-4383-A32D-29AED4E6A278}.Debug|Any CPU.Build.0 = Debug|Any CPU
		{4C79E33E-3169-4383-A32D-29AED4E6A278}.Release|Any CPU.ActiveCfg = Release|Any CPU
		{4C79E33E-3169-4383-A32D-29AED4E6A278}.Release|Any CPU.Build.0 = Release|Any CPU
		{91617235-2431-4300-8869-FD095450DB8B}.Debug|Any CPU.ActiveCfg = Debug|Any CPU
		{91617235-2431-4300-8869-FD095450DB8B}.Debug|Any CPU.Build.0 = Debug|Any CPU
		{91617235-2431-4300-8869-FD095450DB8B}.Release|Any CPU.ActiveCfg = Release|Any CPU
		{91617235-2431-4300-8869-FD095450DB8B}.Release|Any CPU.Build.0 = Release|Any CPU
	EndGlobalSection
	GlobalSection(SolutionProperties) = preSolution
		HideSolutionNode = FALSE
	EndGlobalSection
	GlobalSection(ExtensibilityGlobals) = postSolution
		SolutionGuid = {23AC54C3-10B8-476B-B8B6-427E0BD28622}
	EndGlobalSection
EndGlobal
