
Microsoft Visual Studio Solution File, Format Version 12.00
# Visual Studio 15
VisualStudioVersion = 15.0.28307.136
MinimumVisualStudioVersion = 10.0.40219.1
Project("{FAE04EC0-301F-11D3-BF4B-00C04F79EFBC}") = "Ex56", "Ex56\Ex56.csproj", "{42DB048C-C1E5-4524-9DAC-7E86B326E8C6}"
EndProject
Project("{FAE04EC0-301F-11D3-BF4B-00C04F79EFBC}") = "UnitTestProject", "UnitTestProject\UnitTestProject.csproj", "{199FAFA4-888B-4FA3-91C4-73BF4EA74346}"
EndProject
Global
	GlobalSection(SolutionConfigurationPlatforms) = preSolution
		Debug|Any CPU = Debug|Any CPU
		Release|Any CPU = Release|Any CPU
	EndGlobalSection
	GlobalSection(ProjectConfigurationPlatforms) = postSolution
		{42DB048C-C1E5-4524-9DAC-7E86B326E8C6}.Debug|Any CPU.ActiveCfg = Debug|Any CPU
		{42DB048C-C1E5-4524-9DAC-7E86B326E8C6}.Debug|Any CPU.Build.0 = Debug|Any CPU
		{42DB048C-C1E5-4524-9DAC-7E86B326E8C6}.Release|Any CPU.ActiveCfg = Release|Any CPU
		{42DB048C-C1E5-4524-9DAC-7E86B326E8C6}.Release|Any CPU.Build.0 = Release|Any CPU
		{199FAFA4-888B-4FA3-91C4-73BF4EA74346}.Debug|Any CPU.ActiveCfg = Debug|Any CPU
		{199FAFA4-888B-4FA3-91C4-73BF4EA74346}.Debug|Any CPU.Build.0 = Debug|Any CPU
		{199FAFA4-888B-4FA3-91C4-73BF4EA74346}.Release|Any CPU.ActiveCfg = Release|Any CPU
		{199FAFA4-888B-4FA3-91C4-73BF4EA74346}.Release|Any CPU.Build.0 = Release|Any CPU
	EndGlobalSection
	GlobalSection(SolutionProperties) = preSolution
		HideSolutionNode = FALSE
	EndGlobalSection
	GlobalSection(ExtensibilityGlobals) = postSolution
		SolutionGuid = {FD39B4C8-4CCC-4ECC-A42B-5A89F5D51049}
	EndGlobalSection
EndGlobal
